// !$*UTF8*$!
{
	archiveVersion = 1;
	classes = {
	};
	objectVersion = 46;
	objects = {

/* Begin PBXBuildFile section */
		9E448392C754DEB7F08E4F4B /* libPods.a in Frameworks */ = {isa = PBXBuildFile; fileRef = 777AE373B536389EBF89A60F /* libPods.a */; };
		A91252661B474E9000322425 /* item_info.json in Resources */ = {isa = PBXBuildFile; fileRef = A91252651B474E9000322425 /* item_info.json */; };
		A912526F1B4752ED00322425 /* KSBaseModel.m in Sources */ = {isa = PBXBuildFile; fileRef = A912526D1B4752ED00322425 /* KSBaseModel.m */; };
		A91252721B47533600322425 /* KSItemInfoModel.m in Sources */ = {isa = PBXBuildFile; fileRef = A91252711B47533600322425 /* KSItemInfoModel.m */; };
		A9A431DF1B468731006D11BC /* AppDelegate.m in Sources */ = {isa = PBXBuildFile; fileRef = A9A431DE1B468731006D11BC /* AppDelegate.m */; };
		A9A431E11B468731006D11BC /* main.m in Sources */ = {isa = PBXBuildFile; fileRef = A9A431E01B468731006D11BC /* main.m */; };
		A9A431E61B468731006D11BC /* Images.xcassets in Resources */ = {isa = PBXBuildFile; fileRef = A9A431E51B468731006D11BC /* Images.xcassets */; };
		A9A431E91B468731006D11BC /* Main.storyboard in Resources */ = {isa = PBXBuildFile; fileRef = A9A431E71B468731006D11BC /* Main.storyboard */; };
		A9A431F51B468732006D11BC /* JSONConvertorTests.m in Sources */ = {isa = PBXBuildFile; fileRef = A9A431F41B468732006D11BC /* JSONConvertorTests.m */; };
		A9A432001B468967006D11BC /* ViewController.m in Sources */ = {isa = PBXBuildFile; fileRef = A9A431FF1B468967006D11BC /* ViewController.m */; };
		A9A432031B4689FA006D11BC /* KSJSONKit.m in Sources */ = {isa = PBXBuildFile; fileRef = A9A432021B4689FA006D11BC /* KSJSONKit.m */; };
/* End PBXBuildFile section */

/* Begin PBXContainerItemProxy section */
		A9A431EF1B468732006D11BC /* PBXContainerItemProxy */ = {
			isa = PBXContainerItemProxy;
			containerPortal = A9A431D01B468731006D11BC /* Project object */;
			proxyType = 1;
			remoteGlobalIDString = A9A431D71B468731006D11BC;
			remoteInfo = JSONConvertor;
		};
/* End PBXContainerItemProxy section */

/* Begin PBXFileReference section */
		24A60291353E9315A7B8E088 /* Pods.release.xcconfig */ = {isa = PBXFileReference; includeInIndex = 1; lastKnownFileType = text.xcconfig; name = Pods.release.xcconfig; path = "Pods/Target Support Files/Pods/Pods.release.xcconfig"; sourceTree = "<group>"; };
		6DA22D122235F9AC81F5E192 /* Pods.debug.xcconfig */ = {isa = PBXFileReference; includeInIndex = 1; lastKnownFileType = text.xcconfig; name = Pods.debug.xcconfig; path = "Pods/Target Support Files/Pods/Pods.debug.xcconfig"; sourceTree = "<group>"; };
		777AE373B536389EBF89A60F /* libPods.a */ = {isa = PBXFileReference; explicitFileType = archive.ar; includeInIndex = 0; path = libPods.a; sourceTree = BUILT_PRODUCTS_DIR; };
		A91252651B474E9000322425 /* item_info.json */ = {isa = PBXFileReference; fileEncoding = 4; lastKnownFileType = text.json; path = item_info.json; sourceTree = "<group>"; };
		A912526D1B4752ED00322425 /* KSBaseModel.m */ = {isa = PBXFileReference; fileEncoding = 4; lastKnownFileType = sourcecode.c.objc; path = KSBaseModel.m; sourceTree = "<group>"; };
		A912526E1B4752ED00322425 /* KSBaseModel.h */ = {isa = PBXFileReference; fileEncoding = 4; lastKnownFileType = sourcecode.c.h; path = KSBaseModel.h; sourceTree = "<group>"; };
		A91252701B47533600322425 /* KSItemInfoModel.h */ = {isa = PBXFileReference; fileEncoding = 4; lastKnownFileType = sourcecode.c.h; path = KSItemInfoModel.h; sourceTree = "<group>"; };
		A91252711B47533600322425 /* KSItemInfoModel.m */ = {isa = PBXFileReference; fileEncoding = 4; lastKnownFileType = sourcecode.c.objc; path = KSItemInfoModel.m; sourceTree = "<group>"; };
		A9A431D81B468731006D11BC /* JSONConvertor.app */ = {isa = PBXFileReference; explicitFileType = wrapper.application; includeInIndex = 0; path = JSONConvertor.app; sourceTree = BUILT_PRODUCTS_DIR; };
		A9A431DC1B468731006D11BC /* Info.plist */ = {isa = PBXFileReference; lastKnownFileType = text.plist.xml; path = Info.plist; sourceTree = "<group>"; };
		A9A431DD1B468731006D11BC /* AppDelegate.h */ = {isa = PBXFileReference; lastKnownFileType = sourcecode.c.h; path = AppDelegate.h; sourceTree = "<group>"; };
		A9A431DE1B468731006D11BC /* AppDelegate.m */ = {isa = PBXFileReference; lastKnownFileType = sourcecode.c.objc; path = AppDelegate.m; sourceTree = "<group>"; };
		A9A431E01B468731006D11BC /* main.m */ = {isa = PBXFileReference; lastKnownFileType = sourcecode.c.objc; path = main.m; sourceTree = "<group>"; };
		A9A431E51B468731006D11BC /* Images.xcassets */ = {isa = PBXFileReference; lastKnownFileType = folder.assetcatalog; path = Images.xcassets; sourceTree = "<group>"; };
		A9A431E81B468731006D11BC /* Base */ = {isa = PBXFileReference; lastKnownFileType = file.storyboard; name = Base; path = Base.lproj/Main.storyboard; sourceTree = "<group>"; };
		A9A431EE1B468732006D11BC /* JSONConvertorTests.xctest */ = {isa = PBXFileReference; explicitFileType = wrapper.cfbundle; includeInIndex = 0; path = JSONConvertorTests.xctest; sourceTree = BUILT_PRODUCTS_DIR; };
		A9A431F31B468732006D11BC /* Info.plist */ = {isa = PBXFileReference; lastKnownFileType = text.plist.xml; path = Info.plist; sourceTree = "<group>"; };
		A9A431F41B468732006D11BC /* JSONConvertorTests.m */ = {isa = PBXFileReference; lastKnownFileType = sourcecode.c.objc; path = JSONConvertorTests.m; sourceTree = "<group>"; };
		A9A431FE1B468967006D11BC /* ViewController.h */ = {isa = PBXFileReference; fileEncoding = 4; lastKnownFileType = sourcecode.c.h; path = ViewController.h; sourceTree = "<group>"; };
		A9A431FF1B468967006D11BC /* ViewController.m */ = {isa = PBXFileReference; fileEncoding = 4; lastKnownFileType = sourcecode.c.objc; path = ViewController.m; sourceTree = "<group>"; };
		A9A432011B4689FA006D11BC /* KSJSONKit.h */ = {isa = PBXFileReference; fileEncoding = 4; lastKnownFileType = sourcecode.c.h; path = KSJSONKit.h; sourceTree = "<group>"; };
		A9A432021B4689FA006D11BC /* KSJSONKit.m */ = {isa = PBXFileReference; fileEncoding = 4; lastKnownFileType = sourcecode.c.objc; path = KSJSONKit.m; sourceTree = "<group>"; };
/* End PBXFileReference section */

/* Begin PBXFrameworksBuildPhase section */
		A9A431D51B468731006D11BC /* Frameworks */ = {
			isa = PBXFrameworksBuildPhase;
			buildActionMask = 2147483647;
			files = (
				9E448392C754DEB7F08E4F4B /* libPods.a in Frameworks */,
			);
			runOnlyForDeploymentPostprocessing = 0;
		};
		A9A431EB1B468732006D11BC /* Frameworks */ = {
			isa = PBXFrameworksBuildPhase;
			buildActionMask = 2147483647;
			files = (
			);
			runOnlyForDeploymentPostprocessing = 0;
		};
/* End PBXFrameworksBuildPhase section */

/* Begin PBXGroup section */
		3166DA8110F619AAD32F4220 /* Pods */ = {
			isa = PBXGroup;
			children = (
				6DA22D122235F9AC81F5E192 /* Pods.debug.xcconfig */,
				24A60291353E9315A7B8E088 /* Pods.release.xcconfig */,
			);
			name = Pods;
			sourceTree = "<group>";
		};
		A216DE84BC4F607E2E25CACE /* Frameworks */ = {
			isa = PBXGroup;
			children = (
				777AE373B536389EBF89A60F /* libPods.a */,
			);
			name = Frameworks;
			sourceTree = "<group>";
		};
		A91252731B4755EA00322425 /* Demo */ = {
			isa = PBXGroup;
			children = (
				A91252651B474E9000322425 /* item_info.json */,
				A912526E1B4752ED00322425 /* KSBaseModel.h */,
				A912526D1B4752ED00322425 /* KSBaseModel.m */,
				A91252701B47533600322425 /* KSItemInfoModel.h */,
				A91252711B47533600322425 /* KSItemInfoModel.m */,
			);
			name = Demo;
			sourceTree = "<group>";
		};
		A9A431CF1B468731006D11BC = {
			isa = PBXGroup;
			children = (
				A9A431DA1B468731006D11BC /* JSONConvertor */,
				A9A431F11B468732006D11BC /* JSONConvertorTests */,
				A9A431D91B468731006D11BC /* Products */,
				3166DA8110F619AAD32F4220 /* Pods */,
				A216DE84BC4F607E2E25CACE /* Frameworks */,
			);
			sourceTree = "<group>";
		};
		A9A431D91B468731006D11BC /* Products */ = {
			isa = PBXGroup;
			children = (
				A9A431D81B468731006D11BC /* JSONConvertor.app */,
				A9A431EE1B468732006D11BC /* JSONConvertorTests.xctest */,
			);
			name = Products;
			sourceTree = "<group>";
		};
		A9A431DA1B468731006D11BC /* JSONConvertor */ = {
			isa = PBXGroup;
			children = (
				A9A432041B468A00006D11BC /* JSONKit */,
				A91252731B4755EA00322425 /* Demo */,
				A9A431DD1B468731006D11BC /* AppDelegate.h */,
				A9A431DE1B468731006D11BC /* AppDelegate.m */,
				A9A431FE1B468967006D11BC /* ViewController.h */,
				A9A431FF1B468967006D11BC /* ViewController.m */,
				A9A431E51B468731006D11BC /* Images.xcassets */,
				A9A431E71B468731006D11BC /* Main.storyboard */,
				A9A431DB1B468731006D11BC /* Supporting Files */,
			);
			path = JSONConvertor;
			sourceTree = "<group>";
		};
		A9A431DB1B468731006D11BC /* Supporting Files */ = {
			isa = PBXGroup;
			children = (
				A9A431DC1B468731006D11BC /* Info.plist */,
				A9A431E01B468731006D11BC /* main.m */,
			);
			name = "Supporting Files";
			sourceTree = "<group>";
		};
		A9A431F11B468732006D11BC /* JSONConvertorTests */ = {
			isa = PBXGroup;
			children = (
				A9A431F41B468732006D11BC /* JSONConvertorTests.m */,
				A9A431F21B468732006D11BC /* Supporting Files */,
			);
			path = JSONConvertorTests;
			sourceTree = "<group>";
		};
		A9A431F21B468732006D11BC /* Supporting Files */ = {
			isa = PBXGroup;
			children = (
				A9A431F31B468732006D11BC /* Info.plist */,
			);
			name = "Supporting Files";
			sourceTree = "<group>";
		};
		A9A432041B468A00006D11BC /* JSONKit */ = {
			isa = PBXGroup;
			children = (
				A9A432011B4689FA006D11BC /* KSJSONKit.h */,
				A9A432021B4689FA006D11BC /* KSJSONKit.m */,
			);
			name = JSONKit;
			sourceTree = "<group>";
		};
/* End PBXGroup section */

/* Begin PBXNativeTarget section */
		A9A431D71B468731006D11BC /* JSONConvertor */ = {
			isa = PBXNativeTarget;
			buildConfigurationList = A9A431F81B468732006D11BC /* Build configuration list for PBXNativeTarget "JSONConvertor" */;
			buildPhases = (
				A785172BE6F1FCEDBA497C28 /* Check Pods Manifest.lock */,
				A9A431D41B468731006D11BC /* Sources */,
				A9A431D51B468731006D11BC /* Frameworks */,
				A9A431D61B468731006D11BC /* Resources */,
				67340F2B082FDF2CE77F5252 /* Copy Pods Resources */,
			);
			buildRules = (
			);
			dependencies = (
			);
			name = JSONConvertor;
			productName = JSONConvertor;
			productReference = A9A431D81B468731006D11BC /* JSONConvertor.app */;
			productType = "com.apple.product-type.application";
		};
		A9A431ED1B468732006D11BC /* JSONConvertorTests */ = {
			isa = PBXNativeTarget;
			buildConfigurationList = A9A431FB1B468732006D11BC /* Build configuration list for PBXNativeTarget "JSONConvertorTests" */;
			buildPhases = (
				A9A431EA1B468732006D11BC /* Sources */,
				A9A431EB1B468732006D11BC /* Frameworks */,
				A9A431EC1B468732006D11BC /* Resources */,
			);
			buildRules = (
			);
			dependencies = (
				A9A431F01B468732006D11BC /* PBXTargetDependency */,
			);
			name = JSONConvertorTests;
			productName = JSONConvertorTests;
			productReference = A9A431EE1B468732006D11BC /* JSONConvertorTests.xctest */;
			productType = "com.apple.product-type.bundle.unit-test";
		};
/* End PBXNativeTarget section */

/* Begin PBXProject section */
		A9A431D01B468731006D11BC /* Project object */ = {
			isa = PBXProject;
			attributes = {
				LastUpgradeCheck = 0630;
				ORGANIZATIONNAME = c0ming;
				TargetAttributes = {
					A9A431D71B468731006D11BC = {
						CreatedOnToolsVersion = 6.3;
					};
					A9A431ED1B468732006D11BC = {
						CreatedOnToolsVersion = 6.3;
						TestTargetID = A9A431D71B468731006D11BC;
					};
				};
			};
			buildConfigurationList = A9A431D31B468731006D11BC /* Build configuration list for PBXProject "JSONConvertor" */;
			compatibilityVersion = "Xcode 3.2";
			developmentRegion = English;
			hasScannedForEncodings = 0;
			knownRegions = (
				en,
				Base,
			);
			mainGroup = A9A431CF1B468731006D11BC;
			productRefGroup = A9A431D91B468731006D11BC /* Products */;
			projectDirPath = "";
			projectRoot = "";
			targets = (
				A9A431D71B468731006D11BC /* JSONConvertor */,
				A9A431ED1B468732006D11BC /* JSONConvertorTests */,
			);
		};
/* End PBXProject section */

/* Begin PBXResourcesBuildPhase section */
		A9A431D61B468731006D11BC /* Resources */ = {
			isa = PBXResourcesBuildPhase;
			buildActionMask = 2147483647;
			files = (
				A9A431E61B468731006D11BC /* Images.xcassets in Resources */,
				A91252661B474E9000322425 /* item_info.json in Resources */,
				A9A431E91B468731006D11BC /* Main.storyboard in Resources */,
			);
			runOnlyForDeploymentPostprocessing = 0;
		};
		A9A431EC1B468732006D11BC /* Resources */ = {
			isa = PBXResourcesBuildPhase;
			buildActionMask = 2147483647;
			files = (
			);
			runOnlyForDeploymentPostprocessing = 0;
		};
/* End PBXResourcesBuildPhase section */

/* Begin PBXShellScriptBuildPhase section */
		67340F2B082FDF2CE77F5252 /* Copy Pods Resources */ = {
			isa = PBXShellScriptBuildPhase;
			buildActionMask = 2147483647;
			files = (
			);
			inputPaths = (
			);
			name = "Copy Pods Resources";
			outputPaths = (
			);
			runOnlyForDeploymentPostprocessing = 0;
			shellPath = /bin/sh;
			shellScript = "\"${SRCROOT}/Pods/Target Support Files/Pods/Pods-resources.sh\"\n";
			showEnvVarsInLog = 0;
		};
		A785172BE6F1FCEDBA497C28 /* Check Pods Manifest.lock */ = {
			isa = PBXShellScriptBuildPhase;
			buildActionMask = 2147483647;
			files = (
			);
			inputPaths = (
			);
			name = "Check Pods Manifest.lock";
			outputPaths = (
			);
			runOnlyForDeploymentPostprocessing = 0;
			shellPath = /bin/sh;
			shellScript = "diff \"${PODS_ROOT}/../Podfile.lock\" \"${PODS_ROOT}/Manifest.lock\" > /dev/null\nif [[ $? != 0 ]] ; then\n    cat << EOM\nerror: The sandbox is not in sync with the Podfile.lock. Run 'pod install' or update your CocoaPods installation.\nEOM\n    exit 1\nfi\n";
			showEnvVarsInLog = 0;
		};
/* End PBXShellScriptBuildPhase section */

/* Begin PBXSourcesBuildPhase section */
		A9A431D41B468731006D11BC /* Sources */ = {
			isa = PBXSourcesBuildPhase;
			buildActionMask = 2147483647;
			files = (
				A9A432001B468967006D11BC /* ViewController.m in Sources */,
				A9A431E11B468731006D11BC /* main.m in Sources */,
				A91252721B47533600322425 /* KSItemInfoModel.m in Sources */,
				A9A432031B4689FA006D11BC /* KSJSONKit.m in Sources */,
				A9A431DF1B468731006D11BC /* AppDelegate.m in Sources */,
				A912526F1B4752ED00322425 /* KSBaseModel.m in Sources */,
			);
			runOnlyForDeploymentPostprocessing = 0;
		};
		A9A431EA1B468732006D11BC /* Sources */ = {
			isa = PBXSourcesBuildPhase;
			buildActionMask = 2147483647;
			files = (
				A9A431F51B468732006D11BC /* JSONConvertorTests.m in Sources */,
			);
			runOnlyForDeploymentPostprocessing = 0;
		};
/* End PBXSourcesBuildPhase section */

/* Begin PBXTargetDependency section */
		A9A431F01B468732006D11BC /* PBXTargetDependency */ = {
			isa = PBXTargetDependency;
			target = A9A431D71B468731006D11BC /* JSONConvertor */;
			targetProxy = A9A431EF1B468732006D11BC /* PBXContainerItemProxy */;
		};
/* End PBXTargetDependency section */

/* Begin PBXVariantGroup section */
		A9A431E71B468731006D11BC /* Main.storyboard */ = {
			isa = PBXVariantGroup;
			children = (
				A9A431E81B468731006D11BC /* Base */,
			);
			name = Main.storyboard;
			sourceTree = "<group>";
		};
/* End PBXVariantGroup section */

/* Begin XCBuildConfiguration section */
		A9A431F61B468732006D11BC /* Debug */ = {
			isa = XCBuildConfiguration;
			buildSettings = {
				ALWAYS_SEARCH_USER_PATHS = NO;
				CLANG_CXX_LANGUAGE_STANDARD = "gnu++0x";
				CLANG_CXX_LIBRARY = "libc++";
				CLANG_ENABLE_MODULES = YES;
				CLANG_ENABLE_OBJC_ARC = YES;
				CLANG_WARN_BOOL_CONVERSION = YES;
				CLANG_WARN_CONSTANT_CONVERSION = YES;
				CLANG_WARN_DIRECT_OBJC_ISA_USAGE = YES_ERROR;
				CLANG_WARN_EMPTY_BODY = YES;
				CLANG_WARN_ENUM_CONVERSION = YES;
				CLANG_WARN_INT_CONVERSION = YES;
				CLANG_WARN_OBJC_ROOT_CLASS = YES_ERROR;
				CLANG_WARN_UNREACHABLE_CODE = YES;
				CLANG_WARN__DUPLICATE_METHOD_MATCH = YES;
				CODE_SIGN_IDENTITY = "-";
				COPY_PHASE_STRIP = NO;
				DEBUG_INFORMATION_FORMAT = dwarf;
				ENABLE_STRICT_OBJC_MSGSEND = YES;
				GCC_C_LANGUAGE_STANDARD = gnu99;
				GCC_DYNAMIC_NO_PIC = NO;
				GCC_NO_COMMON_BLOCKS = YES;
				GCC_OPTIMIZATION_LEVEL = 0;
				GCC_PREPROCESSOR_DEFINITIONS = (
					"DEBUG=1",
					"$(inherited)",
				);
				GCC_SYMBOLS_PRIVATE_EXTERN = NO;
				GCC_WARN_64_TO_32_BIT_CONVERSION = YES;
				GCC_WARN_ABOUT_RETURN_TYPE = YES_ERROR;
				GCC_WARN_UNDECLARED_SELECTOR = YES;
				GCC_WARN_UNINITIALIZED_AUTOS = YES_AGGRESSIVE;
				GCC_WARN_UNUSED_FUNCTION = YES;
				GCC_WARN_UNUSED_VARIABLE = YES;
				MACOSX_DEPLOYMENT_TARGET = 10.10;
				MTL_ENABLE_DEBUG_INFO = YES;
				ONLY_ACTIVE_ARCH = YES;
				SDKROOT = macosx;
			};
			name = Debug;
		};
		A9A431F71B468732006D11BC /* Release */ = {
			isa = XCBuildConfiguration;
			buildSettings = {
				ALWAYS_SEARCH_USER_PATHS = NO;
				CLANG_CXX_LANGUAGE_STANDARD = "gnu++0x";
				CLANG_CXX_LIBRARY = "libc++";
				CLANG_ENABLE_MODULES = YES;
				CLANG_ENABLE_OBJC_ARC = YES;
				CLANG_WARN_BOOL_CONVERSION = YES;
				CLANG_WARN_CONSTANT_CONVERSION = YES;
				CLANG_WARN_DIRECT_OBJC_ISA_USAGE = YES_ERROR;
				CLANG_WARN_EMPTY_BODY = YES;
				CLANG_WARN_ENUM_CONVERSION = YES;
				CLANG_WARN_INT_CONVERSION = YES;
				CLANG_WARN_OBJC_ROOT_CLASS = YES_ERROR;
				CLANG_WARN_UNREACHABLE_CODE = YES;
				CLANG_WARN__DUPLICATE_METHOD_MATCH = YES;
				CODE_SIGN_IDENTITY = "-";
				COPY_PHASE_STRIP = NO;
				DEBUG_INFORMATION_FORMAT = "dwarf-with-dsym";
				ENABLE_NS_ASSERTIONS = NO;
				ENABLE_STRICT_OBJC_MSGSEND = YES;
				GCC_C_LANGUAGE_STANDARD = gnu99;
				GCC_NO_COMMON_BLOCKS = YES;
				GCC_WARN_64_TO_32_BIT_CONVERSION = YES;
				GCC_WARN_ABOUT_RETURN_TYPE = YES_ERROR;
				GCC_WARN_UNDECLARED_SELECTOR = YES;
				GCC_WARN_UNINITIALIZED_AUTOS = YES_AGGRESSIVE;
				GCC_WARN_UNUSED_FUNCTION = YES;
				GCC_WARN_UNUSED_VARIABLE = YES;
				MACOSX_DEPLOYMENT_TARGET = 10.10;
				MTL_ENABLE_DEBUG_INFO = NO;
				SDKROOT = macosx;
			};
			name = Release;
		};
		A9A431F91B468732006D11BC /* Debug */ = {
			isa = XCBuildConfiguration;
			baseConfigurationReference = 6DA22D122235F9AC81F5E192 /* Pods.debug.xcconfig */;
			buildSettings = {
				ASSETCATALOG_COMPILER_APPICON_NAME = AppIcon;
				COMBINE_HIDPI_IMAGES = YES;
				INFOPLIST_FILE = JSONConvertor/Info.plist;
				LD_RUNPATH_SEARCH_PATHS = "$(inherited) @executable_path/../Frameworks";
				PRODUCT_NAME = "$(TARGET_NAME)";
			};
			name = Debug;
		};
		A9A431FA1B468732006D11BC /* Release */ = {
			isa = XCBuildConfiguration;
			baseConfigurationReference = 24A60291353E9315A7B8E088 /* Pods.release.xcconfig */;
			buildSettings = {
				ASSETCATALOG_COMPILER_APPICON_NAME = AppIcon;
				COMBINE_HIDPI_IMAGES = YES;
				INFOPLIST_FILE = JSONConvertor/Info.plist;
				LD_RUNPATH_SEARCH_PATHS = "$(inherited) @executable_path/../Frameworks";
				PRODUCT_NAME = "$(TARGET_NAME)";
			};
			name = Release;
		};
		A9A431FC1B468732006D11BC /* Debug */ = {
			isa = XCBuildConfiguration;
			buildSettings = {
				BUNDLE_LOADER = "$(TEST_HOST)";
				COMBINE_HIDPI_IMAGES = YES;
				FRAMEWORK_SEARCH_PATHS = (
					"$(DEVELOPER_FRAMEWORKS_DIR)",
					"$(inherited)",
				);
				GCC_PREPROCESSOR_DEFINITIONS = (
					"DEBUG=1",
					"$(inherited)",
				);
				INFOPLIST_FILE = JSONConvertorTests/Info.plist;
				LD_RUNPATH_SEARCH_PATHS = "$(inherited) @executable_path/../Frameworks @loader_path/../Frameworks";
				PRODUCT_NAME = "$(TARGET_NAME)";
				TEST_HOST = "$(BUILT_PRODUCTS_DIR)/JSONConvertor.app/Contents/MacOS/JSONConvertor";
			};
			name = Debug;
		};
		A9A431FD1B468732006D11BC /* Release */ = {
			isa = XCBuildConfiguration;
			buildSettings = {
				BUNDLE_LOADER = "$(TEST_HOST)";
				COMBINE_HIDPI_IMAGES = YES;
				FRAMEWORK_SEARCH_PATHS = (
					"$(DEVELOPER_FRAMEWORKS_DIR)",
					"$(inherited)",
				);
				INFOPLIST_FILE = JSONConvertorTests/Info.plist;
				LD_RUNPATH_SEARCH_PATHS = "$(inherited) @executable_path/../Frameworks @loader_path/../Frameworks";
				PRODUCT_NAME = "$(TARGET_NAME)";
				TEST_HOST = "$(BUILT_PRODUCTS_DIR)/JSONConvertor.app/Contents/MacOS/JSONConvertor";
			};
			name = Release;
		};
/* End XCBuildConfiguration section */

/* Begin XCConfigurationList section */
		A9A431D31B468731006D11BC /* Build configuration list for PBXProject "JSONConvertor" */ = {
			isa = XCConfigurationList;
			buildConfigurations = (
				A9A431F61B468732006D11BC /* Debug */,
				A9A431F71B468732006D11BC /* Release */,
			);
			defaultConfigurationIsVisible = 0;
			defaultConfigurationName = Release;
		};
		A9A431F81B468732006D11BC /* Build configuration list for PBXNativeTarget "JSONConvertor" */ = {
			isa = XCConfigurationList;
			buildConfigurations = (
				A9A431F91B468732006D11BC /* Debug */,
				A9A431FA1B468732006D11BC /* Release */,
			);
			defaultConfigurationIsVisible = 0;
			defaultConfigurationName = Release;
		};
		A9A431FB1B468732006D11BC /* Build configuration list for PBXNativeTarget "JSONConvertorTests" */ = {
			isa = XCConfigurationList;
			buildConfigurations = (
				A9A431FC1B468732006D11BC /* Debug */,
				A9A431FD1B468732006D11BC /* Release */,
			);
			defaultConfigurationIsVisible = 0;
			defaultConfigurationName = Release;
		};
/* End XCConfigurationList section */
	};
	rootObject = A9A431D01B468731006D11BC /* Project object */;
}
